// !$*UTF8*$!
{
	archiveVersion = 1;
	classes = {
	};
	objectVersion = 56;
	objects = {

/* Begin PBXBuildFile section */
		165F17F52CDE4EAA00974C68 /* ClockApp.swift in Sources */ = {isa = PBXBuildFile; fileRef = 165F17F42CDE4EAA00974C68 /* ClockApp.swift */; };
		165F17F72CDE4EAA00974C68 /* ContentView.swift in Sources */ = {isa = PBXBuildFile; fileRef = 165F17F62CDE4EAA00974C68 /* ContentView.swift */; };
		165F17F92CDE4EAE00974C68 /* Assets.xcassets in Resources */ = {isa = PBXBuildFile; fileRef = 165F17F82CDE4EAE00974C68 /* Assets.xcassets */; };
		165F17FC2CDE4EAE00974C68 /* Preview Assets.xcassets in Resources */ = {isa = PBXBuildFile; fileRef = 165F17FB2CDE4EAE00974C68 /* Preview Assets.xcassets */; };
		16AD7E9B2CE12EDC00128F08 /* WorldClockStructure.swift in Sources */ = {isa = PBXBuildFile; fileRef = 16AD7E9A2CE12EDC00128F08 /* WorldClockStructure.swift */; };
		16D9ACF32CDE5D9900B9D22B /* WorldClockView.swift in Sources */ = {isa = PBXBuildFile; fileRef = 16D9ACEF2CDE5D9900B9D22B /* WorldClockView.swift */; };
		16D9ACF42CDE5D9900B9D22B /* LandingView.swift in Sources */ = {isa = PBXBuildFile; fileRef = 16D9ACF02CDE5D9900B9D22B /* LandingView.swift */; };
		16D9ACF52CDE5D9900B9D22B /* AlarmView.swift in Sources */ = {isa = PBXBuildFile; fileRef = 16D9ACF12CDE5D9900B9D22B /* AlarmView.swift */; };
		16D9ACF62CDE5D9900B9D22B /* StopWatchView.swift in Sources */ = {isa = PBXBuildFile; fileRef = 16D9ACF22CDE5D9900B9D22B /* StopWatchView.swift */; };
/* End PBXBuildFile section */

/* Begin PBXFileReference section */
		165F17F12CDE4EAA00974C68 /* Clock.app */ = {isa = PBXFileReference; explicitFileType = wrapper.application; includeInIndex = 0; path = Clock.app; sourceTree = BUILT_PRODUCTS_DIR; };
		165F17F42CDE4EAA00974C68 /* ClockApp.swift */ = {isa = PBXFileReference; lastKnownFileType = sourcecode.swift; path = ClockApp.swift; sourceTree = "<group>"; };
		165F17F62CDE4EAA00974C68 /* ContentView.swift */ = {isa = PBXFileReference; lastKnownFileType = sourcecode.swift; path = ContentView.swift; sourceTree = "<group>"; };
		165F17F82CDE4EAE00974C68 /* Assets.xcassets */ = {isa = PBXFileReference; lastKnownFileType = folder.assetcatalog; path = Assets.xcassets; sourceTree = "<group>"; };
		165F17FB2CDE4EAE00974C68 /* Preview Assets.xcassets */ = {isa = PBXFileReference; lastKnownFileType = folder.assetcatalog; path = "Preview Assets.xcassets"; sourceTree = "<group>"; };
		16AD7E9A2CE12EDC00128F08 /* WorldClockStructure.swift */ = {isa = PBXFileReference; lastKnownFileType = sourcecode.swift; path = WorldClockStructure.swift; sourceTree = "<group>"; };
		16D9ACEF2CDE5D9900B9D22B /* WorldClockView.swift */ = {isa = PBXFileReference; fileEncoding = 4; lastKnownFileType = sourcecode.swift; path = WorldClockView.swift; sourceTree = "<group>"; };
		16D9ACF02CDE5D9900B9D22B /* LandingView.swift */ = {isa = PBXFileReference; fileEncoding = 4; lastKnownFileType = sourcecode.swift; path = LandingView.swift; sourceTree = "<group>"; };
		16D9ACF12CDE5D9900B9D22B /* AlarmView.swift */ = {isa = PBXFileReference; fileEncoding = 4; lastKnownFileType = sourcecode.swift; path = AlarmView.swift; sourceTree = "<group>"; };
		16D9ACF22CDE5D9900B9D22B /* StopWatchView.swift */ = {isa = PBXFileReference; fileEncoding = 4; lastKnownFileType = sourcecode.swift; path = StopWatchView.swift; sourceTree = "<group>"; };
/* End PBXFileReference section */

/* Begin PBXFrameworksBuildPhase section */
		165F17EE2CDE4EAA00974C68 /* Frameworks */ = {
			isa = PBXFrameworksBuildPhase;
			buildActionMask = 2147483647;
			files = (
			);
			runOnlyForDeploymentPostprocessing = 0;
		};
/* End PBXFrameworksBuildPhase section */

/* Begin PBXGroup section */
		165F17E82CDE4EAA00974C68 = {
			isa = PBXGroup;
			children = (
				165F17F32CDE4EAA00974C68 /* Clock */,
				165F17F82CDE4EAE00974C68 /* Assets.xcassets */,
				165F17FB2CDE4EAE00974C68 /* Preview Assets.xcassets */,
				165F17F62CDE4EAA00974C68 /* ContentView.swift */,
				165F17F22CDE4EAA00974C68 /* Products */,
			);
			sourceTree = "<group>";
		};
		165F17F22CDE4EAA00974C68 /* Products */ = {
			isa = PBXGroup;
			children = (
				165F17F12CDE4EAA00974C68 /* Clock.app */,
			);
			name = Products;
			sourceTree = "<group>";
		};
		165F17F32CDE4EAA00974C68 /* Clock */ = {
			isa = PBXGroup;
			children = (
				16D9ACEE2CDE5D7A00B9D22B /* Views */,
				165F17F42CDE4EAA00974C68 /* ClockApp.swift */,
				165F17FA2CDE4EAE00974C68 /* Preview Content */,
			);
			path = Clock;
			sourceTree = "<group>";
		};
		165F17FA2CDE4EAE00974C68 /* Preview Content */ = {
			isa = PBXGroup;
			children = (
			);
			path = "Preview Content";
			sourceTree = "<group>";
		};
		16D9ACEE2CDE5D7A00B9D22B /* Views */ = {
			isa = PBXGroup;
			children = (
				16D9ACEF2CDE5D9900B9D22B /* WorldClockView.swift */,
				16AD7E9A2CE12EDC00128F08 /* WorldClockStructure.swift */,
				16D9ACF12CDE5D9900B9D22B /* AlarmView.swift */,
				16D9ACF02CDE5D9900B9D22B /* LandingView.swift */,
				16D9ACF22CDE5D9900B9D22B /* StopWatchView.swift */,
			);
			path = Views;
			sourceTree = "<group>";
		};
/* End PBXGroup section */

/* Begin PBXNativeTarget section */
		165F17F02CDE4EAA00974C68 /* Clock */ = {
			isa = PBXNativeTarget;
			buildConfigurationList = 165F17FF2CDE4EAE00974C68 /* Build configuration list for PBXNativeTarget "Clock" */;
			buildPhases = (
				165F17ED2CDE4EAA00974C68 /* Sources */,
				165F17EE2CDE4EAA00974C68 /* Frameworks */,
				165F17EF2CDE4EAA00974C68 /* Resources */,
			);
			buildRules = (
			);
			dependencies = (
			);
			name = Clock;
			productName = Clock;
			productReference = 165F17F12CDE4EAA00974C68 /* Clock.app */;
			productType = "com.apple.product-type.application";
		};
/* End PBXNativeTarget section */

/* Begin PBXProject section */
		165F17E92CDE4EAA00974C68 /* Project object */ = {
			isa = PBXProject;
			attributes = {
				BuildIndependentTargetsInParallel = 1;
				LastSwiftUpdateCheck = 1520;
				LastUpgradeCheck = 1520;
				TargetAttributes = {
					165F17F02CDE4EAA00974C68 = {
						CreatedOnToolsVersion = 15.2;
					};
				};
			};
			buildConfigurationList = 165F17EC2CDE4EAA00974C68 /* Build configuration list for PBXProject "Clock" */;
			compatibilityVersion = "Xcode 14.0";
			developmentRegion = en;
			hasScannedForEncodings = 0;
			knownRegions = (
				en,
				Base,
			);
			mainGroup = 165F17E82CDE4EAA00974C68;
			productRefGroup = 165F17F22CDE4EAA00974C68 /* Products */;
			projectDirPath = "";
			projectRoot = "";
			targets = (
				165F17F02CDE4EAA00974C68 /* Clock */,
			);
		};
/* End PBXProject section */

/* Begin PBXResourcesBuildPhase section */
		165F17EF2CDE4EAA00974C68 /* Resources */ = {
			isa = PBXResourcesBuildPhase;
			buildActionMask = 2147483647;
			files = (
				165F17FC2CDE4EAE00974C68 /* Preview Assets.xcassets in Resources */,
				165F17F92CDE4EAE00974C68 /* Assets.xcassets in Resources */,
			);
			runOnlyForDeploymentPostprocessing = 0;
		};
/* End PBXResourcesBuildPhase section */

/* Begin PBXSourcesBuildPhase section */
		165F17ED2CDE4EAA00974C68 /* Sources */ = {
			isa = PBXSourcesBuildPhase;
			buildActionMask = 2147483647;
			files = (
				16D9ACF62CDE5D9900B9D22B /* StopWatchView.swift in Sources */,
				16D9ACF42CDE5D9900B9D22B /* LandingView.swift in Sources */,
				165F17F72CDE4EAA00974C68 /* ContentView.swift in Sources */,
				16D9ACF52CDE5D9900B9D22B /* AlarmView.swift in Sources */,
				16D9ACF32CDE5D9900B9D22B /* WorldClockView.swift in Sources */,
				165F17F52CDE4EAA00974C68 /* ClockApp.swift in Sources */,
				16AD7E9B2CE12EDC00128F08 /* WorldClockStructure.swift in Sources */,
			);
			runOnlyForDeploymentPostprocessing = 0;
		};
/* End PBXSourcesBuildPhase section */

/* Begin XCBuildConfiguration section */
		165F17FD2CDE4EAE00974C68 /* Debug */ = {
			isa = XCBuildConfiguration;
			buildSettings = {
				ALWAYS_SEARCH_USER_PATHS = NO;
				ASSETCATALOG_COMPILER_GENERATE_SWIFT_ASSET_SYMBOL_EXTENSIONS = YES;
				CLANG_ANALYZER_NONNULL = YES;
				CLANG_ANALYZER_NUMBER_OBJECT_CONVERSION = YES_AGGRESSIVE;
				CLANG_CXX_LANGUAGE_STANDARD = "gnu++20";
				CLANG_ENABLE_MODULES = YES;
				CLANG_ENABLE_OBJC_ARC = YES;
				CLANG_ENABLE_OBJC_WEAK = YES;
				CLANG_WARN_BLOCK_CAPTURE_AUTORELEASING = YES;
				CLANG_WARN_BOOL_CONVERSION = YES;
				CLANG_WARN_COMMA = YES;
				CLANG_WARN_CONSTANT_CONVERSION = YES;
				CLANG_WARN_DEPRECATED_OBJC_IMPLEMENTATIONS = YES;
				CLANG_WARN_DIRECT_OBJC_ISA_USAGE = YES_ERROR;
				CLANG_WARN_DOCUMENTATION_COMMENTS = YES;
				CLANG_WARN_EMPTY_BODY = YES;
				CLANG_WARN_ENUM_CONVERSION = YES;
				CLANG_WARN_INFINITE_RECURSION = YES;
				CLANG_WARN_INT_CONVERSION = YES;
				CLANG_WARN_NON_LITERAL_NULL_CONVERSION = YES;
				CLANG_WARN_OBJC_IMPLICIT_RETAIN_SELF = YES;
				CLANG_WARN_OBJC_LITERAL_CONVERSION = YES;
				CLANG_WARN_OBJC_ROOT_CLASS = YES_ERROR;
				CLANG_WARN_QUOTED_INCLUDE_IN_FRAMEWORK_HEADER = YES;
				CLANG_WARN_RANGE_LOOP_ANALYSIS = YES;
				CLANG_WARN_STRICT_PROTOTYPES = YES;
				CLANG_WARN_SUSPICIOUS_MOVE = YES;
				CLANG_WARN_UNGUARDED_AVAILABILITY = YES_AGGRESSIVE;
				CLANG_WARN_UNREACHABLE_CODE = YES;
				CLANG_WARN__DUPLICATE_METHOD_MATCH = YES;
				COPY_PHASE_STRIP = NO;
				DEBUG_INFORMATION_FORMAT = dwarf;
				ENABLE_STRICT_OBJC_MSGSEND = YES;
				ENABLE_TESTABILITY = YES;
				ENABLE_USER_SCRIPT_SANDBOXING = YES;
				GCC_C_LANGUAGE_STANDARD = gnu17;
				GCC_DYNAMIC_NO_PIC = NO;
				GCC_NO_COMMON_BLOCKS = YES;
				GCC_OPTIMIZATION_LEVEL = 0;
				GCC_PREPROCESSOR_DEFINITIONS = (
					"DEBUG=1",
					"$(inherited)",
				);
				GCC_WARN_64_TO_32_BIT_CONVERSION = YES;
				GCC_WARN_ABOUT_RETURN_TYPE = YES_ERROR;
				GCC_WARN_UNDECLARED_SELECTOR = YES;
				GCC_WARN_UNINITIALIZED_AUTOS = YES_AGGRESSIVE;
				GCC_WARN_UNUSED_FUNCTION = YES;
				GCC_WARN_UNUSED_VARIABLE = YES;
				IPHONEOS_DEPLOYMENT_TARGET = 17.2;
				LOCALIZATION_PREFERS_STRING_CATALOGS = YES;
				MTL_ENABLE_DEBUG_INFO = INCLUDE_SOURCE;
				MTL_FAST_MATH = YES;
				ONLY_ACTIVE_ARCH = YES;
				SDKROOT = iphoneos;
				SWIFT_ACTIVE_COMPILATION_CONDITIONS = "DEBUG $(inherited)";
				SWIFT_OPTIMIZATION_LEVEL = "-Onone";
			};
			name = Debug;
		};
		165F17FE2CDE4EAE00974C68 /* Release */ = {
			isa = XCBuildConfiguration;
			buildSettings = {
				ALWAYS_SEARCH_USER_PATHS = NO;
				ASSETCATALOG_COMPILER_GENERATE_SWIFT_ASSET_SYMBOL_EXTENSIONS = YES;
				CLANG_ANALYZER_NONNULL = YES;
				CLANG_ANALYZER_NUMBER_OBJECT_CONVERSION = YES_AGGRESSIVE;
				CLANG_CXX_LANGUAGE_STANDARD = "gnu++20";
				CLANG_ENABLE_MODULES = YES;
				CLANG_ENABLE_OBJC_ARC = YES;
				CLANG_ENABLE_OBJC_WEAK = YES;
				CLANG_WARN_BLOCK_CAPTURE_AUTORELEASING = YES;
				CLANG_WARN_BOOL_CONVERSION = YES;
				CLANG_WARN_COMMA = YES;
				CLANG_WARN_CONSTANT_CONVERSION = YES;
				CLANG_WARN_DEPRECATED_OBJC_IMPLEMENTATIONS = YES;
				CLANG_WARN_DIRECT_OBJC_ISA_USAGE = YES_ERROR;
				CLANG_WARN_DOCUMENTATION_COMMENTS = YES;
				CLANG_WARN_EMPTY_BODY = YES;
				CLANG_WARN_ENUM_CONVERSION = YES;
				CLANG_WARN_INFINITE_RECURSION = YES;
				CLANG_WARN_INT_CONVERSION = YES;
				CLANG_WARN_NON_LITERAL_NULL_CONVERSION = YES;
				CLANG_WARN_OBJC_IMPLICIT_RETAIN_SELF = YES;
				CLANG_WARN_OBJC_LITERAL_CONVERSION = YES;
				CLANG_WARN_OBJC_ROOT_CLASS = YES_ERROR;
				CLANG_WARN_QUOTED_INCLUDE_IN_FRAMEWORK_HEADER = YES;
				CLANG_WARN_RANGE_LOOP_ANALYSIS = YES;
				CLANG_WARN_STRICT_PROTOTYPES = YES;
				CLANG_WARN_SUSPICIOUS_MOVE = YES;
				CLANG_WARN_UNGUARDED_AVAILABILITY = YES_AGGRESSIVE;
				CLANG_WARN_UNREACHABLE_CODE = YES;
				CLANG_WARN__DUPLICATE_METHOD_MATCH = YES;
				COPY_PHASE_STRIP = NO;
				DEBUG_INFORMATION_FORMAT = "dwarf-with-dsym";
				ENABLE_NS_ASSERTIONS = NO;
				ENABLE_STRICT_OBJC_MSGSEND = YES;
				ENABLE_USER_SCRIPT_SANDBOXING = YES;
				GCC_C_LANGUAGE_STANDARD = gnu17;
				GCC_NO_COMMON_BLOCKS = YES;
				GCC_WARN_64_TO_32_BIT_CONVERSION = YES;
				GCC_WARN_ABOUT_RETURN_TYPE = YES_ERROR;
				GCC_WARN_UNDECLARED_SELECTOR = YES;
				GCC_WARN_UNINITIALIZED_AUTOS = YES_AGGRESSIVE;
				GCC_WARN_UNUSED_FUNCTION = YES;
				GCC_WARN_UNUSED_VARIABLE = YES;
				IPHONEOS_DEPLOYMENT_TARGET = 17.2;
				LOCALIZATION_PREFERS_STRING_CATALOGS = YES;
				MTL_ENABLE_DEBUG_INFO = NO;
				MTL_FAST_MATH = YES;
				SDKROOT = iphoneos;
				SWIFT_COMPILATION_MODE = wholemodule;
				VALIDATE_PRODUCT = YES;
			};
			name = Release;
		};
		165F18002CDE4EAE00974C68 /* Debug */ = {
			isa = XCBuildConfiguration;
			buildSettings = {
				ASSETCATALOG_COMPILER_APPICON_NAME = AppIcon;
				ASSETCATALOG_COMPILER_GLOBAL_ACCENT_COLOR_NAME = AccentColor;
				CODE_SIGN_STYLE = Automatic;
				CURRENT_PROJECT_VERSION = 1;
				DEVELOPMENT_ASSET_PATHS = "\"Clock/Preview Content\"";
				DEVELOPMENT_TEAM = 4UG443984D;
				ENABLE_PREVIEWS = YES;
				GENERATE_INFOPLIST_FILE = YES;
				INFOPLIST_KEY_UIApplicationSceneManifest_Generation = YES;
				INFOPLIST_KEY_UIApplicationSupportsIndirectInputEvents = YES;
				INFOPLIST_KEY_UILaunchScreen_Generation = YES;
				INFOPLIST_KEY_UISupportedInterfaceOrientations_iPad = "UIInterfaceOrientationPortrait UIInterfaceOrientationPortraitUpsideDown UIInterfaceOrientationLandscapeLeft UIInterfaceOrientationLandscapeRight";
				INFOPLIST_KEY_UISupportedInterfaceOrientations_iPhone = "UIInterfaceOrientationPortrait UIInterfaceOrientationLandscapeLeft UIInterfaceOrientationLandscapeRight";
				LD_RUNPATH_SEARCH_PATHS = (
					"$(inherited)",
					"@executable_path/Frameworks",
				);
				MARKETING_VERSION = 1.0;
				PRODUCT_BUNDLE_IDENTIFIER = ca.couragezeng.Clock;
				PRODUCT_NAME = "$(TARGET_NAME)";
				SWIFT_EMIT_LOC_STRINGS = YES;
				SWIFT_VERSION = 5.0;
				TARGETED_DEVICE_FAMILY = "1,2";
			};
			name = Debug;
		};
		165F18012CDE4EAE00974C68 /* Release */ = {
			isa = XCBuildConfiguration;
			buildSettings = {
				ASSETCATALOG_COMPILER_APPICON_NAME = AppIcon;
				ASSETCATALOG_COMPILER_GLOBAL_ACCENT_COLOR_NAME = AccentColor;
				CODE_SIGN_STYLE = Automatic;
				CURRENT_PROJECT_VERSION = 1;
				DEVELOPMENT_ASSET_PATHS = "\"Clock/Preview Content\"";
				DEVELOPMENT_TEAM = 4UG443984D;
				ENABLE_PREVIEWS = YES;
				GENERATE_INFOPLIST_FILE = YES;
				INFOPLIST_KEY_UIApplicationSceneManifest_Generation = YES;
				INFOPLIST_KEY_UIApplicationSupportsIndirectInputEvents = YES;
				INFOPLIST_KEY_UILaunchScreen_Generation = YES;
				INFOPLIST_KEY_UISupportedInterfaceOrientations_iPad = "UIInterfaceOrientationPortrait UIInterfaceOrientationPortraitUpsideDown UIInterfaceOrientationLandscapeLeft UIInterfaceOrientationLandscapeRight";
				INFOPLIST_KEY_UISupportedInterfaceOrientations_iPhone = "UIInterfaceOrientationPortrait UIInterfaceOrientationLandscapeLeft UIInterfaceOrientationLandscapeRight";
				LD_RUNPATH_SEARCH_PATHS = (
					"$(inherited)",
					"@executable_path/Frameworks",
				);
				MARKETING_VERSION = 1.0;
				PRODUCT_BUNDLE_IDENTIFIER = ca.couragezeng.Clock;
				PRODUCT_NAME = "$(TARGET_NAME)";
				SWIFT_EMIT_LOC_STRINGS = YES;
				SWIFT_VERSION = 5.0;
				TARGETED_DEVICE_FAMILY = "1,2";
			};
			name = Release;
		};
/* End XCBuildConfiguration section */

/* Begin XCConfigurationList section */
		165F17EC2CDE4EAA00974C68 /* Build configuration list for PBXProject "Clock" */ = {
			isa = XCConfigurationList;
			buildConfigurations = (
				165F17FD2CDE4EAE00974C68 /* Debug */,
				165F17FE2CDE4EAE00974C68 /* Release */,
			);
			defaultConfigurationIsVisible = 0;
			defaultConfigurationName = Release;
		};
		165F17FF2CDE4EAE00974C68 /* Build configuration list for PBXNativeTarget "Clock" */ = {
			isa = XCConfigurationList;
			buildConfigurations = (
				165F18002CDE4EAE00974C68 /* Debug */,
				165F18012CDE4EAE00974C68 /* Release */,
			);
			defaultConfigurationIsVisible = 0;
			defaultConfigurationName = Release;
		};
/* End XCConfigurationList section */
	};
	rootObject = 165F17E92CDE4EAA00974C68 /* Project object */;
}
